
Microsoft Visual Studio Solution File, Format Version 12.00
# Visual Studio 14
VisualStudioVersion = 14.0.25420.1
MinimumVisualStudioVersion = 10.0.40219.1
Project("{8BC9CEB8-8B4A-11D0-8D11-00A0C91BC942}") = "01-TestGLFW", "01-TestGLFW\01-TestGLFW.vcxproj", "{D102E4F3-030E-485E-9A2F-6D84C7FBD73D}"
EndProject
Project("{8BC9CEB8-8B4A-11D0-8D11-00A0C91BC942}") = "02-IndexArrayBuffer", "02-IndexArrayBuffer\02-IndexArrayBuffer.vcxproj", "{7E7A3E28-0879-4245-A938-A99BDBEF7871}"
EndProject
Project("{8BC9CEB8-8B4A-11D0-8D11-00A0C91BC942}") = "03-BasePractice", "03-BasePractice\03-BasePractice.vcxproj", "{6EF01997-3F77-4B01-8BDE-6CD29B0AE715}"
EndProject
Project("{8BC9CEB8-8B4A-11D0-8D11-00A0C91BC942}") = "04-ShaderLanguage", "04-ShaderLanguage\04-ShaderLanguage.vcxproj", "{9D099AE5-1954-497B-8CFA-8324E784D575}"
EndProject
Project("{8BC9CEB8-8B4A-11D0-8D11-00A0C91BC942}") = "05-ShaderPractice", "05-ShaderPractice\05-ShaderPractice.vcxproj", "{A2B261CD-B8D2-49D8-AE9A-080912927232}"
EndProject
Project("{8BC9CEB8-8B4A-11D0-8D11-00A0C91BC942}") = "06-UseStbImage", "06-UseStbImage\06-UseStbImage.vcxproj", "{5251DFF9-879A-4342-97FB-60E200DF54A5}"
EndProject
Project("{8BC9CEB8-8B4A-11D0-8D11-00A0C91BC942}") = "07-Transformation", "07-Transformation\07-Transformation.vcxproj", "{E0DE76E2-D3DB-49C3-B6B4-0DA0ACB7550A}"
EndProject
Project("{8BC9CEB8-8B4A-11D0-8D11-00A0C91BC942}") = "08-CoordinateSystem", "08-CoordinateSystem\08-CoordinateSystem.vcxproj", "{778BD2AB-47FE-4D52-B550-EBBDF2F96DCF}"
EndProject
Project("{8BC9CEB8-8B4A-11D0-8D11-00A0C91BC942}") = "09-UseCamera", "09-UseCamera\09-UseCamera.vcxproj", "{E6BC2D01-526B-4A19-8C31-9F8118D62DB8}"
EndProject
Project("{8BC9CEB8-8B4A-11D0-8D11-00A0C91BC942}") = "10-BaseLight", "10-BaseLight\10-BaseLight.vcxproj", "{C9E8FAFC-187B-41CE-8D1F-46B8973385A6}"
EndProject
Project("{8BC9CEB8-8B4A-11D0-8D11-00A0C91BC942}") = "11-UseImgui", "11-UseImgui\11-UseImgui.vcxproj", "{D28A460F-D280-4495-ACD0-FE184AC59BF1}"
EndProject
Project("{8BC9CEB8-8B4A-11D0-8D11-00A0C91BC942}") = "12-LightMaterial", "12-LightMaterial\12-LightMaterial.vcxproj", "{62C8AAF9-8673-47DE-8558-2BD9BB6CAF42}"
EndProject
Project("{8BC9CEB8-8B4A-11D0-8D11-00A0C91BC942}") = "13-MaterialPractice", "13-MaterialPractice\13-MaterialPractice.vcxproj", "{0E85A2C6-DB96-4D3C-A5C2-23B4813275ED}"
EndProject
Project("{8BC9CEB8-8B4A-11D0-8D11-00A0C91BC942}") = "14-LightMap", "14-LightMap\14-LightMap.vcxproj", "{39CD6F29-7CD7-4E54-9A67-D6EC51B5AD39}"
EndProject
Project("{8BC9CEB8-8B4A-11D0-8D11-00A0C91BC942}") = "15-DirectionalLight", "15-DirectionalLight\15-DirectionalLight.vcxproj", "{1E7ED039-E6F3-4B1A-B063-A7C3A4C9819E}"
EndProject
Project("{8BC9CEB8-8B4A-11D0-8D11-00A0C91BC942}") = "16-PointLight", "16-PointLight\16-PointLight.vcxproj", "{A2EEF080-5C93-4CCB-B504-67899B2A1B41}"
EndProject
Project("{8BC9CEB8-8B4A-11D0-8D11-00A0C91BC942}") = "17-Spotlight", "17-Spotlight\17-Spotlight.vcxproj", "{F96F85AA-1CE8-4BE4-9E13-708CD8964081}"
EndProject
Project("{8BC9CEB8-8B4A-11D0-8D11-00A0C91BC942}") = "18-Multiplelights", "18-Multiplelights\18-Multiplelights.vcxproj", "{65FD0908-85DF-4260-BB16-9568C737493C}"
EndProject
Project("{8BC9CEB8-8B4A-11D0-8D11-00A0C91BC942}") = "19-UseAssimp", "19-UseAssimp\19-UseAssimp.vcxproj", "{DEC2BEAA-3350-4AD3-8E9B-4DC669D8AD38}"
EndProject
Project("{8BC9CEB8-8B4A-11D0-8D11-00A0C91BC942}") = "20-LoadModel", "20-LoadModel\20-LoadModel.vcxproj", "{406A903F-1434-4855-BCE7-737E32CB8F81}"
EndProject
Project("{8BC9CEB8-8B4A-11D0-8D11-00A0C91BC942}") = "21-DephTest", "21-DephTest\21-DephTest.vcxproj", "{0E43F60F-8865-4B8B-B4BD-2E789709919D}"
EndProject
Project("{8BC9CEB8-8B4A-11D0-8D11-00A0C91BC942}") = "22-StencilTest", "22-StencilTest\22-StencilTest.vcxproj", "{F5D2E5BB-2C7A-4F48-AD68-D60CD775699F}"
EndProject
Project("{8BC9CEB8-8B4A-11D0-8D11-00A0C91BC942}") = "23-Blending", "23-Blending\23-Blending.vcxproj", "{FB8A153C-BE3E-4F31-B9E1-D507AE1663C6}"
EndProject
Project("{8BC9CEB8-8B4A-11D0-8D11-00A0C91BC942}") = "24-FaceCulling", "24- FaceCulling\24- FaceCulling.vcxproj", "{C14127E2-5968-449B-8DB9-102AAB609BCE}"
EndProject
Project("{8BC9CEB8-8B4A-11D0-8D11-00A0C91BC942}") = "25-Framebuffers", "25-Framebuffers\25-Framebuffers.vcxproj", "{01875B61-5415-45B2-895A-22FBD52ADE43}"
EndProject
Project("{8BC9CEB8-8B4A-11D0-8D11-00A0C91BC942}") = "26-Cubemaps", "26-Cubemaps\26-Cubemaps.vcxproj", "{EA3DA17C-46D2-487F-B84F-627BC7862CF7}"
EndProject
Project("{8BC9CEB8-8B4A-11D0-8D11-00A0C91BC942}") = "27-BufferSubData", "27-BufferSubData\27-BufferSubData.vcxproj", "{1227E8F7-8DD1-4342-9688-CC145C9D9809}"
EndProject
Project("{8BC9CEB8-8B4A-11D0-8D11-00A0C91BC942}") = "28-BuiltInVariable", "28-BuiltInVariable\28-BuiltInVariable.vcxproj", "{E7A69A3F-F9EB-488A-A464-A413B18A6DF7}"
EndProject
Project("{8BC9CEB8-8B4A-11D0-8D11-00A0C91BC942}") = "29-UniformBuffer", "29-UniformBuffer\29-UniformBuffer.vcxproj", "{EC0C5617-EA3B-42CC-8C1B-93C119D84694}"
EndProject
Project("{8BC9CEB8-8B4A-11D0-8D11-00A0C91BC942}") = "30-GeometryShader", "30-GeometryShader\30-GeometryShader.vcxproj", "{D129B29E-A1E2-4B28-B2AD-A2164197DEE3}"
EndProject
Project("{8BC9CEB8-8B4A-11D0-8D11-00A0C91BC942}") = "31-ObjectExplode", "31-ObjectExplode\31-ObjectExplode.vcxproj", "{93793499-32D4-4D6E-9137-DFDB894F335B}"
EndProject
Project("{8BC9CEB8-8B4A-11D0-8D11-00A0C91BC942}") = "32-Instancing", "32-Instancing\32-Instancing.vcxproj", "{B0F5C846-EDA3-4A79-B858-CCD71D2D0E71}"
EndProject
Project("{8BC9CEB8-8B4A-11D0-8D11-00A0C91BC942}") = "33-AntiAliasing", "33- AntiAliasing\33- AntiAliasing.vcxproj", "{6FDA97E3-594F-4300-A09E-C9DDAE11DFB4}"
EndProject
Project("{8BC9CEB8-8B4A-11D0-8D11-00A0C91BC942}") = "34-BlinnPhong", "34-BlinnPhong\34-BlinnPhong.vcxproj", "{39E812E1-EDDB-4B6B-ABA7-65D841E3822E}"
EndProject
Project("{8BC9CEB8-8B4A-11D0-8D11-00A0C91BC942}") = "35-GammaCorrection", "35-GammaCorrection\35-GammaCorrection.vcxproj", "{53D8DBB6-FE4B-4954-AFF7-46276596814E}"
EndProject
Project("{8BC9CEB8-8B4A-11D0-8D11-00A0C91BC942}") = "36-ShadowMapping", "36-ShadowMapping\36-ShadowMapping.vcxproj", "{349713DA-E41D-4F02-A691-83E89136FC9E}"
EndProject
Project("{8BC9CEB8-8B4A-11D0-8D11-00A0C91BC942}") = "37-PointShadows", "37-PointShadows\37-PointShadows.vcxproj", "{5F5D3B37-F6FB-464C-95BE-C82E1A52A602}"
EndProject
Project("{8BC9CEB8-8B4A-11D0-8D11-00A0C91BC942}") = "38-NormalMapping", "38-NormalMapping\38-NormalMapping.vcxproj", "{1B423F0D-B13A-49F0-948B-44FA6B2591AD}"
EndProject
Project("{8BC9CEB8-8B4A-11D0-8D11-00A0C91BC942}") = "39-ParallaxMapping", "39-ParallaxMapping\39-ParallaxMapping.vcxproj", "{98AD2620-8820-42CA-B2EC-03C046D7E404}"
EndProject
Global
	GlobalSection(SolutionConfigurationPlatforms) = preSolution
		Debug|x64 = Debug|x64
		Debug|x86 = Debug|x86
		Release|x64 = Release|x64
		Release|x86 = Release|x86
	EndGlobalSection
	GlobalSection(ProjectConfigurationPlatforms) = postSolution
		{D102E4F3-030E-485E-9A2F-6D84C7FBD73D}.Debug|x64.ActiveCfg = Debug|x64
		{D102E4F3-030E-485E-9A2F-6D84C7FBD73D}.Debug|x64.Build.0 = Debug|x64
		{D102E4F3-030E-485E-9A2F-6D84C7FBD73D}.Debug|x86.ActiveCfg = Debug|Win32
		{D102E4F3-030E-485E-9A2F-6D84C7FBD73D}.Debug|x86.Build.0 = Debug|Win32
		{D102E4F3-030E-485E-9A2F-6D84C7FBD73D}.Release|x64.ActiveCfg = Release|x64
		{D102E4F3-030E-485E-9A2F-6D84C7FBD73D}.Release|x64.Build.0 = Release|x64
		{D102E4F3-030E-485E-9A2F-6D84C7FBD73D}.Release|x86.ActiveCfg = Release|Win32
		{D102E4F3-030E-485E-9A2F-6D84C7FBD73D}.Release|x86.Build.0 = Release|Win32
		{7E7A3E28-0879-4245-A938-A99BDBEF7871}.Debug|x64.ActiveCfg = Debug|x64
		{7E7A3E28-0879-4245-A938-A99BDBEF7871}.Debug|x64.Build.0 = Debug|x64
		{7E7A3E28-0879-4245-A938-A99BDBEF7871}.Debug|x86.ActiveCfg = Debug|Win32
		{7E7A3E28-0879-4245-A938-A99BDBEF7871}.Debug|x86.Build.0 = Debug|Win32
		{7E7A3E28-0879-4245-A938-A99BDBEF7871}.Release|x64.ActiveCfg = Release|x64
		{7E7A3E28-0879-4245-A938-A99BDBEF7871}.Release|x64.Build.0 = Release|x64
		{7E7A3E28-0879-4245-A938-A99BDBEF7871}.Release|x86.ActiveCfg = Release|Win32
		{7E7A3E28-0879-4245-A938-A99BDBEF7871}.Release|x86.Build.0 = Release|Win32
		{6EF01997-3F77-4B01-8BDE-6CD29B0AE715}.Debug|x64.ActiveCfg = Debug|x64
		{6EF01997-3F77-4B01-8BDE-6CD29B0AE715}.Debug|x64.Build.0 = Debug|x64
		{6EF01997-3F77-4B01-8BDE-6CD29B0AE715}.Debug|x86.ActiveCfg = Debug|Win32
		{6EF01997-3F77-4B01-8BDE-6CD29B0AE715}.Debug|x86.Build.0 = Debug|Win32
		{6EF01997-3F77-4B01-8BDE-6CD29B0AE715}.Release|x64.ActiveCfg = Release|x64
		{6EF01997-3F77-4B01-8BDE-6CD29B0AE715}.Release|x64.Build.0 = Release|x64
		{6EF01997-3F77-4B01-8BDE-6CD29B0AE715}.Release|x86.ActiveCfg = Release|Win32
		{6EF01997-3F77-4B01-8BDE-6CD29B0AE715}.Release|x86.Build.0 = Release|Win32
		{9D099AE5-1954-497B-8CFA-8324E784D575}.Debug|x64.ActiveCfg = Debug|x64
		{9D099AE5-1954-497B-8CFA-8324E784D575}.Debug|x64.Build.0 = Debug|x64
		{9D099AE5-1954-497B-8CFA-8324E784D575}.Debug|x86.ActiveCfg = Debug|Win32
		{9D099AE5-1954-497B-8CFA-8324E784D575}.Debug|x86.Build.0 = Debug|Win32
		{9D099AE5-1954-497B-8CFA-8324E784D575}.Release|x64.ActiveCfg = Release|x64
		{9D099AE5-1954-497B-8CFA-8324E784D575}.Release|x64.Build.0 = Release|x64
		{9D099AE5-1954-497B-8CFA-8324E784D575}.Release|x86.ActiveCfg = Release|Win32
		{9D099AE5-1954-497B-8CFA-8324E784D575}.Release|x86.Build.0 = Release|Win32
		{A2B261CD-B8D2-49D8-AE9A-080912927232}.Debug|x64.ActiveCfg = Debug|x64
		{A2B261CD-B8D2-49D8-AE9A-080912927232}.Debug|x64.Build.0 = Debug|x64
		{A2B261CD-B8D2-49D8-AE9A-080912927232}.Debug|x86.ActiveCfg = Debug|Win32
		{A2B261CD-B8D2-49D8-AE9A-080912927232}.Debug|x86.Build.0 = Debug|Win32
		{A2B261CD-B8D2-49D8-AE9A-080912927232}.Release|x64.ActiveCfg = Release|x64
		{A2B261CD-B8D2-49D8-AE9A-080912927232}.Release|x64.Build.0 = Release|x64
		{A2B261CD-B8D2-49D8-AE9A-080912927232}.Release|x86.ActiveCfg = Release|Win32
		{A2B261CD-B8D2-49D8-AE9A-080912927232}.Release|x86.Build.0 = Release|Win32
		{5251DFF9-879A-4342-97FB-60E200DF54A5}.Debug|x64.ActiveCfg = Debug|x64
		{5251DFF9-879A-4342-97FB-60E200DF54A5}.Debug|x64.Build.0 = Debug|x64
		{5251DFF9-879A-4342-97FB-60E200DF54A5}.Debug|x86.ActiveCfg = Debug|Win32
		{5251DFF9-879A-4342-97FB-60E200DF54A5}.Debug|x86.Build.0 = Debug|Win32
		{5251DFF9-879A-4342-97FB-60E200DF54A5}.Release|x64.ActiveCfg = Release|x64
		{5251DFF9-879A-4342-97FB-60E200DF54A5}.Release|x64.Build.0 = Release|x64
		{5251DFF9-879A-4342-97FB-60E200DF54A5}.Release|x86.ActiveCfg = Release|Win32
		{5251DFF9-879A-4342-97FB-60E200DF54A5}.Release|x86.Build.0 = Release|Win32
		{E0DE76E2-D3DB-49C3-B6B4-0DA0ACB7550A}.Debug|x64.ActiveCfg = Debug|x64
		{E0DE76E2-D3DB-49C3-B6B4-0DA0ACB7550A}.Debug|x64.Build.0 = Debug|x64
		{E0DE76E2-D3DB-49C3-B6B4-0DA0ACB7550A}.Debug|x86.ActiveCfg = Debug|Win32
		{E0DE76E2-D3DB-49C3-B6B4-0DA0ACB7550A}.Debug|x86.Build.0 = Debug|Win32
		{E0DE76E2-D3DB-49C3-B6B4-0DA0ACB7550A}.Release|x64.ActiveCfg = Release|x64
		{E0DE76E2-D3DB-49C3-B6B4-0DA0ACB7550A}.Release|x64.Build.0 = Release|x64
		{E0DE76E2-D3DB-49C3-B6B4-0DA0ACB7550A}.Release|x86.ActiveCfg = Release|Win32
		{E0DE76E2-D3DB-49C3-B6B4-0DA0ACB7550A}.Release|x86.Build.0 = Release|Win32
		{778BD2AB-47FE-4D52-B550-EBBDF2F96DCF}.Debug|x64.ActiveCfg = Debug|x64
		{778BD2AB-47FE-4D52-B550-EBBDF2F96DCF}.Debug|x64.Build.0 = Debug|x64
		{778BD2AB-47FE-4D52-B550-EBBDF2F96DCF}.Debug|x86.ActiveCfg = Debug|Win32
		{778BD2AB-47FE-4D52-B550-EBBDF2F96DCF}.Debug|x86.Build.0 = Debug|Win32
		{778BD2AB-47FE-4D52-B550-EBBDF2F96DCF}.Release|x64.ActiveCfg = Release|x64
		{778BD2AB-47FE-4D52-B550-EBBDF2F96DCF}.Release|x64.Build.0 = Release|x64
		{778BD2AB-47FE-4D52-B550-EBBDF2F96DCF}.Release|x86.ActiveCfg = Release|Win32
		{778BD2AB-47FE-4D52-B550-EBBDF2F96DCF}.Release|x86.Build.0 = Release|Win32
		{E6BC2D01-526B-4A19-8C31-9F8118D62DB8}.Debug|x64.ActiveCfg = Debug|x64
		{E6BC2D01-526B-4A19-8C31-9F8118D62DB8}.Debug|x64.Build.0 = Debug|x64
		{E6BC2D01-526B-4A19-8C31-9F8118D62DB8}.Debug|x86.ActiveCfg = Debug|Win32
		{E6BC2D01-526B-4A19-8C31-9F8118D62DB8}.Debug|x86.Build.0 = Debug|Win32
		{E6BC2D01-526B-4A19-8C31-9F8118D62DB8}.Release|x64.ActiveCfg = Release|x64
		{E6BC2D01-526B-4A19-8C31-9F8118D62DB8}.Release|x64.Build.0 = Release|x64
		{E6BC2D01-526B-4A19-8C31-9F8118D62DB8}.Release|x86.ActiveCfg = Release|Win32
		{E6BC2D01-526B-4A19-8C31-9F8118D62DB8}.Release|x86.Build.0 = Release|Win32
		{C9E8FAFC-187B-41CE-8D1F-46B8973385A6}.Debug|x64.ActiveCfg = Debug|x64
		{C9E8FAFC-187B-41CE-8D1F-46B8973385A6}.Debug|x64.Build.0 = Debug|x64
		{C9E8FAFC-187B-41CE-8D1F-46B8973385A6}.Debug|x86.ActiveCfg = Debug|Win32
		{C9E8FAFC-187B-41CE-8D1F-46B8973385A6}.Debug|x86.Build.0 = Debug|Win32
		{C9E8FAFC-187B-41CE-8D1F-46B8973385A6}.Release|x64.ActiveCfg = Release|x64
		{C9E8FAFC-187B-41CE-8D1F-46B8973385A6}.Release|x64.Build.0 = Release|x64
		{C9E8FAFC-187B-41CE-8D1F-46B8973385A6}.Release|x86.ActiveCfg = Release|Win32
		{C9E8FAFC-187B-41CE-8D1F-46B8973385A6}.Release|x86.Build.0 = Release|Win32
		{D28A460F-D280-4495-ACD0-FE184AC59BF1}.Debug|x64.ActiveCfg = Debug|x64
		{D28A460F-D280-4495-ACD0-FE184AC59BF1}.Debug|x64.Build.0 = Debug|x64
		{D28A460F-D280-4495-ACD0-FE184AC59BF1}.Debug|x86.ActiveCfg = Debug|Win32
		{D28A460F-D280-4495-ACD0-FE184AC59BF1}.Debug|x86.Build.0 = Debug|Win32
		{D28A460F-D280-4495-ACD0-FE184AC59BF1}.Release|x64.ActiveCfg = Release|x64
		{D28A460F-D280-4495-ACD0-FE184AC59BF1}.Release|x64.Build.0 = Release|x64
		{D28A460F-D280-4495-ACD0-FE184AC59BF1}.Release|x86.ActiveCfg = Release|Win32
		{D28A460F-D280-4495-ACD0-FE184AC59BF1}.Release|x86.Build.0 = Release|Win32
		{62C8AAF9-8673-47DE-8558-2BD9BB6CAF42}.Debug|x64.ActiveCfg = Debug|x64
		{62C8AAF9-8673-47DE-8558-2BD9BB6CAF42}.Debug|x64.Build.0 = Debug|x64
		{62C8AAF9-8673-47DE-8558-2BD9BB6CAF42}.Debug|x86.ActiveCfg = Debug|Win32
		{62C8AAF9-8673-47DE-8558-2BD9BB6CAF42}.Debug|x86.Build.0 = Debug|Win32
		{62C8AAF9-8673-47DE-8558-2BD9BB6CAF42}.Release|x64.ActiveCfg = Release|x64
		{62C8AAF9-8673-47DE-8558-2BD9BB6CAF42}.Release|x64.Build.0 = Release|x64
		{62C8AAF9-8673-47DE-8558-2BD9BB6CAF42}.Release|x86.ActiveCfg = Release|Win32
		{62C8AAF9-8673-47DE-8558-2BD9BB6CAF42}.Release|x86.Build.0 = Release|Win32
		{0E85A2C6-DB96-4D3C-A5C2-23B4813275ED}.Debug|x64.ActiveCfg = Debug|x64
		{0E85A2C6-DB96-4D3C-A5C2-23B4813275ED}.Debug|x64.Build.0 = Debug|x64
		{0E85A2C6-DB96-4D3C-A5C2-23B4813275ED}.Debug|x86.ActiveCfg = Debug|Win32
		{0E85A2C6-DB96-4D3C-A5C2-23B4813275ED}.Debug|x86.Build.0 = Debug|Win32
		{0E85A2C6-DB96-4D3C-A5C2-23B4813275ED}.Release|x64.ActiveCfg = Release|x64
		{0E85A2C6-DB96-4D3C-A5C2-23B4813275ED}.Release|x64.Build.0 = Release|x64
		{0E85A2C6-DB96-4D3C-A5C2-23B4813275ED}.Release|x86.ActiveCfg = Release|Win32
		{0E85A2C6-DB96-4D3C-A5C2-23B4813275ED}.Release|x86.Build.0 = Release|Win32
		{39CD6F29-7CD7-4E54-9A67-D6EC51B5AD39}.Debug|x64.ActiveCfg = Debug|x64
		{39CD6F29-7CD7-4E54-9A67-D6EC51B5AD39}.Debug|x64.Build.0 = Debug|x64
		{39CD6F29-7CD7-4E54-9A67-D6EC51B5AD39}.Debug|x86.ActiveCfg = Debug|Win32
		{39CD6F29-7CD7-4E54-9A67-D6EC51B5AD39}.Debug|x86.Build.0 = Debug|Win32
		{39CD6F29-7CD7-4E54-9A67-D6EC51B5AD39}.Release|x64.ActiveCfg = Release|x64
		{39CD6F29-7CD7-4E54-9A67-D6EC51B5AD39}.Release|x64.Build.0 = Release|x64
		{39CD6F29-7CD7-4E54-9A67-D6EC51B5AD39}.Release|x86.ActiveCfg = Release|Win32
		{39CD6F29-7CD7-4E54-9A67-D6EC51B5AD39}.Release|x86.Build.0 = Release|Win32
		{1E7ED039-E6F3-4B1A-B063-A7C3A4C9819E}.Debug|x64.ActiveCfg = Debug|x64
		{1E7ED039-E6F3-4B1A-B063-A7C3A4C9819E}.Debug|x64.Build.0 = Debug|x64
		{1E7ED039-E6F3-4B1A-B063-A7C3A4C9819E}.Debug|x86.ActiveCfg = Debug|Win32
		{1E7ED039-E6F3-4B1A-B063-A7C3A4C9819E}.Debug|x86.Build.0 = Debug|Win32
		{1E7ED039-E6F3-4B1A-B063-A7C3A4C9819E}.Release|x64.ActiveCfg = Release|x64
		{1E7ED039-E6F3-4B1A-B063-A7C3A4C9819E}.Release|x64.Build.0 = Release|x64
		{1E7ED039-E6F3-4B1A-B063-A7C3A4C9819E}.Release|x86.ActiveCfg = Release|Win32
		{1E7ED039-E6F3-4B1A-B063-A7C3A4C9819E}.Release|x86.Build.0 = Release|Win32
		{A2EEF080-5C93-4CCB-B504-67899B2A1B41}.Debug|x64.ActiveCfg = Debug|x64
		{A2EEF080-5C93-4CCB-B504-67899B2A1B41}.Debug|x64.Build.0 = Debug|x64
		{A2EEF080-5C93-4CCB-B504-67899B2A1B41}.Debug|x86.ActiveCfg = Debug|Win32
		{A2EEF080-5C93-4CCB-B504-67899B2A1B41}.Debug|x86.Build.0 = Debug|Win32
		{A2EEF080-5C93-4CCB-B504-67899B2A1B41}.Release|x64.ActiveCfg = Release|x64
		{A2EEF080-5C93-4CCB-B504-67899B2A1B41}.Release|x64.Build.0 = Release|x64
		{A2EEF080-5C93-4CCB-B504-67899B2A1B41}.Release|x86.ActiveCfg = Release|Win32
		{A2EEF080-5C93-4CCB-B504-67899B2A1B41}.Release|x86.Build.0 = Release|Win32
		{F96F85AA-1CE8-4BE4-9E13-708CD8964081}.Debug|x64.ActiveCfg = Debug|x64
		{F96F85AA-1CE8-4BE4-9E13-708CD8964081}.Debug|x64.Build.0 = Debug|x64
		{F96F85AA-1CE8-4BE4-9E13-708CD8964081}.Debug|x86.ActiveCfg = Debug|Win32
		{F96F85AA-1CE8-4BE4-9E13-708CD8964081}.Debug|x86.Build.0 = Debug|Win32
		{F96F85AA-1CE8-4BE4-9E13-708CD8964081}.Release|x64.ActiveCfg = Release|x64
		{F96F85AA-1CE8-4BE4-9E13-708CD8964081}.Release|x64.Build.0 = Release|x64
		{F96F85AA-1CE8-4BE4-9E13-708CD8964081}.Release|x86.ActiveCfg = Release|Win32
		{F96F85AA-1CE8-4BE4-9E13-708CD8964081}.Release|x86.Build.0 = Release|Win32
		{65FD0908-85DF-4260-BB16-9568C737493C}.Debug|x64.ActiveCfg = Debug|x64
		{65FD0908-85DF-4260-BB16-9568C737493C}.Debug|x64.Build.0 = Debug|x64
		{65FD0908-85DF-4260-BB16-9568C737493C}.Debug|x86.ActiveCfg = Debug|Win32
		{65FD0908-85DF-4260-BB16-9568C737493C}.Debug|x86.Build.0 = Debug|Win32
		{65FD0908-85DF-4260-BB16-9568C737493C}.Release|x64.ActiveCfg = Release|x64
		{65FD0908-85DF-4260-BB16-9568C737493C}.Release|x64.Build.0 = Release|x64
		{65FD0908-85DF-4260-BB16-9568C737493C}.Release|x86.ActiveCfg = Release|Win32
		{65FD0908-85DF-4260-BB16-9568C737493C}.Release|x86.Build.0 = Release|Win32
		{DEC2BEAA-3350-4AD3-8E9B-4DC669D8AD38}.Debug|x64.ActiveCfg = Debug|x64
		{DEC2BEAA-3350-4AD3-8E9B-4DC669D8AD38}.Debug|x64.Build.0 = Debug|x64
		{DEC2BEAA-3350-4AD3-8E9B-4DC669D8AD38}.Debug|x86.ActiveCfg = Debug|Win32
		{DEC2BEAA-3350-4AD3-8E9B-4DC669D8AD38}.Debug|x86.Build.0 = Debug|Win32
		{DEC2BEAA-3350-4AD3-8E9B-4DC669D8AD38}.Release|x64.ActiveCfg = Release|x64
		{DEC2BEAA-3350-4AD3-8E9B-4DC669D8AD38}.Release|x64.Build.0 = Release|x64
		{DEC2BEAA-3350-4AD3-8E9B-4DC669D8AD38}.Release|x86.ActiveCfg = Release|Win32
		{DEC2BEAA-3350-4AD3-8E9B-4DC669D8AD38}.Release|x86.Build.0 = Release|Win32
		{406A903F-1434-4855-BCE7-737E32CB8F81}.Debug|x64.ActiveCfg = Debug|x64
		{406A903F-1434-4855-BCE7-737E32CB8F81}.Debug|x64.Build.0 = Debug|x64
		{406A903F-1434-4855-BCE7-737E32CB8F81}.Debug|x86.ActiveCfg = Debug|Win32
		{406A903F-1434-4855-BCE7-737E32CB8F81}.Debug|x86.Build.0 = Debug|Win32
		{406A903F-1434-4855-BCE7-737E32CB8F81}.Release|x64.ActiveCfg = Release|x64
		{406A903F-1434-4855-BCE7-737E32CB8F81}.Release|x64.Build.0 = Release|x64
		{406A903F-1434-4855-BCE7-737E32CB8F81}.Release|x86.ActiveCfg = Release|Win32
		{406A903F-1434-4855-BCE7-737E32CB8F81}.Release|x86.Build.0 = Release|Win32
		{0E43F60F-8865-4B8B-B4BD-2E789709919D}.Debug|x64.ActiveCfg = Debug|x64
		{0E43F60F-8865-4B8B-B4BD-2E789709919D}.Debug|x64.Build.0 = Debug|x64
		{0E43F60F-8865-4B8B-B4BD-2E789709919D}.Debug|x86.ActiveCfg = Debug|Win32
		{0E43F60F-8865-4B8B-B4BD-2E789709919D}.Debug|x86.Build.0 = Debug|Win32
		{0E43F60F-8865-4B8B-B4BD-2E789709919D}.Release|x64.ActiveCfg = Release|x64
		{0E43F60F-8865-4B8B-B4BD-2E789709919D}.Release|x64.Build.0 = Release|x64
		{0E43F60F-8865-4B8B-B4BD-2E789709919D}.Release|x86.ActiveCfg = Release|Win32
		{0E43F60F-8865-4B8B-B4BD-2E789709919D}.Release|x86.Build.0 = Release|Win32
		{F5D2E5BB-2C7A-4F48-AD68-D60CD775699F}.Debug|x64.ActiveCfg = Debug|x64
		{F5D2E5BB-2C7A-4F48-AD68-D60CD775699F}.Debug|x64.Build.0 = Debug|x64
		{F5D2E5BB-2C7A-4F48-AD68-D60CD775699F}.Debug|x86.ActiveCfg = Debug|Win32
		{F5D2E5BB-2C7A-4F48-AD68-D60CD775699F}.Debug|x86.Build.0 = Debug|Win32
		{F5D2E5BB-2C7A-4F48-AD68-D60CD775699F}.Release|x64.ActiveCfg = Release|x64
		{F5D2E5BB-2C7A-4F48-AD68-D60CD775699F}.Release|x64.Build.0 = Release|x64
		{F5D2E5BB-2C7A-4F48-AD68-D60CD775699F}.Release|x86.ActiveCfg = Release|Win32
		{F5D2E5BB-2C7A-4F48-AD68-D60CD775699F}.Release|x86.Build.0 = Release|Win32
		{FB8A153C-BE3E-4F31-B9E1-D507AE1663C6}.Debug|x64.ActiveCfg = Debug|x64
		{FB8A153C-BE3E-4F31-B9E1-D507AE1663C6}.Debug|x64.Build.0 = Debug|x64
		{FB8A153C-BE3E-4F31-B9E1-D507AE1663C6}.Debug|x86.ActiveCfg = Debug|Win32
		{FB8A153C-BE3E-4F31-B9E1-D507AE1663C6}.Debug|x86.Build.0 = Debug|Win32
		{FB8A153C-BE3E-4F31-B9E1-D507AE1663C6}.Release|x64.ActiveCfg = Release|x64
		{FB8A153C-BE3E-4F31-B9E1-D507AE1663C6}.Release|x64.Build.0 = Release|x64
		{FB8A153C-BE3E-4F31-B9E1-D507AE1663C6}.Release|x86.ActiveCfg = Release|Win32
		{FB8A153C-BE3E-4F31-B9E1-D507AE1663C6}.Release|x86.Build.0 = Release|Win32
		{C14127E2-5968-449B-8DB9-102AAB609BCE}.Debug|x64.ActiveCfg = Debug|x64
		{C14127E2-5968-449B-8DB9-102AAB609BCE}.Debug|x64.Build.0 = Debug|x64
		{C14127E2-5968-449B-8DB9-102AAB609BCE}.Debug|x86.ActiveCfg = Debug|Win32
		{C14127E2-5968-449B-8DB9-102AAB609BCE}.Debug|x86.Build.0 = Debug|Win32
		{C14127E2-5968-449B-8DB9-102AAB609BCE}.Release|x64.ActiveCfg = Release|x64
		{C14127E2-5968-449B-8DB9-102AAB609BCE}.Release|x64.Build.0 = Release|x64
		{C14127E2-5968-449B-8DB9-102AAB609BCE}.Release|x86.ActiveCfg = Release|Win32
		{C14127E2-5968-449B-8DB9-102AAB609BCE}.Release|x86.Build.0 = Release|Win32
		{01875B61-5415-45B2-895A-22FBD52ADE43}.Debug|x64.ActiveCfg = Debug|x64
		{01875B61-5415-45B2-895A-22FBD52ADE43}.Debug|x64.Build.0 = Debug|x64
		{01875B61-5415-45B2-895A-22FBD52ADE43}.Debug|x86.ActiveCfg = Debug|Win32
		{01875B61-5415-45B2-895A-22FBD52ADE43}.Debug|x86.Build.0 = Debug|Win32
		{01875B61-5415-45B2-895A-22FBD52ADE43}.Release|x64.ActiveCfg = Release|x64
		{01875B61-5415-45B2-895A-22FBD52ADE43}.Release|x64.Build.0 = Release|x64
		{01875B61-5415-45B2-895A-22FBD52ADE43}.Release|x86.ActiveCfg = Release|Win32
		{01875B61-5415-45B2-895A-22FBD52ADE43}.Release|x86.Build.0 = Release|Win32
		{EA3DA17C-46D2-487F-B84F-627BC7862CF7}.Debug|x64.ActiveCfg = Debug|x64
		{EA3DA17C-46D2-487F-B84F-627BC7862CF7}.Debug|x64.Build.0 = Debug|x64
		{EA3DA17C-46D2-487F-B84F-627BC7862CF7}.Debug|x86.ActiveCfg = Debug|Win32
		{EA3DA17C-46D2-487F-B84F-627BC7862CF7}.Debug|x86.Build.0 = Debug|Win32
		{EA3DA17C-46D2-487F-B84F-627BC7862CF7}.Release|x64.ActiveCfg = Release|x64
		{EA3DA17C-46D2-487F-B84F-627BC7862CF7}.Release|x64.Build.0 = Release|x64
		{EA3DA17C-46D2-487F-B84F-627BC7862CF7}.Release|x86.ActiveCfg = Release|Win32
		{EA3DA17C-46D2-487F-B84F-627BC7862CF7}.Release|x86.Build.0 = Release|Win32
		{1227E8F7-8DD1-4342-9688-CC145C9D9809}.Debug|x64.ActiveCfg = Debug|x64
		{1227E8F7-8DD1-4342-9688-CC145C9D9809}.Debug|x64.Build.0 = Debug|x64
		{1227E8F7-8DD1-4342-9688-CC145C9D9809}.Debug|x86.ActiveCfg = Debug|Win32
		{1227E8F7-8DD1-4342-9688-CC145C9D9809}.Debug|x86.Build.0 = Debug|Win32
		{1227E8F7-8DD1-4342-9688-CC145C9D9809}.Release|x64.ActiveCfg = Release|x64
		{1227E8F7-8DD1-4342-9688-CC145C9D9809}.Release|x64.Build.0 = Release|x64
		{1227E8F7-8DD1-4342-9688-CC145C9D9809}.Release|x86.ActiveCfg = Release|Win32
		{1227E8F7-8DD1-4342-9688-CC145C9D9809}.Release|x86.Build.0 = Release|Win32
		{E7A69A3F-F9EB-488A-A464-A413B18A6DF7}.Debug|x64.ActiveCfg = Debug|x64
		{E7A69A3F-F9EB-488A-A464-A413B18A6DF7}.Debug|x64.Build.0 = Debug|x64
		{E7A69A3F-F9EB-488A-A464-A413B18A6DF7}.Debug|x86.ActiveCfg = Debug|Win32
		{E7A69A3F-F9EB-488A-A464-A413B18A6DF7}.Debug|x86.Build.0 = Debug|Win32
		{E7A69A3F-F9EB-488A-A464-A413B18A6DF7}.Release|x64.ActiveCfg = Release|x64
		{E7A69A3F-F9EB-488A-A464-A413B18A6DF7}.Release|x64.Build.0 = Release|x64
		{E7A69A3F-F9EB-488A-A464-A413B18A6DF7}.Release|x86.ActiveCfg = Release|Win32
		{E7A69A3F-F9EB-488A-A464-A413B18A6DF7}.Release|x86.Build.0 = Release|Win32
		{EC0C5617-EA3B-42CC-8C1B-93C119D84694}.Debug|x64.ActiveCfg = Debug|x64
		{EC0C5617-EA3B-42CC-8C1B-93C119D84694}.Debug|x64.Build.0 = Debug|x64
		{EC0C5617-EA3B-42CC-8C1B-93C119D84694}.Debug|x86.ActiveCfg = Debug|Win32
		{EC0C5617-EA3B-42CC-8C1B-93C119D84694}.Debug|x86.Build.0 = Debug|Win32
		{EC0C5617-EA3B-42CC-8C1B-93C119D84694}.Release|x64.ActiveCfg = Release|x64
		{EC0C5617-EA3B-42CC-8C1B-93C119D84694}.Release|x64.Build.0 = Release|x64
		{EC0C5617-EA3B-42CC-8C1B-93C119D84694}.Release|x86.ActiveCfg = Release|Win32
		{EC0C5617-EA3B-42CC-8C1B-93C119D84694}.Release|x86.Build.0 = Release|Win32
		{D129B29E-A1E2-4B28-B2AD-A2164197DEE3}.Debug|x64.ActiveCfg = Debug|x64
		{D129B29E-A1E2-4B28-B2AD-A2164197DEE3}.Debug|x64.Build.0 = Debug|x64
		{D129B29E-A1E2-4B28-B2AD-A2164197DEE3}.Debug|x86.ActiveCfg = Debug|Win32
		{D129B29E-A1E2-4B28-B2AD-A2164197DEE3}.Debug|x86.Build.0 = Debug|Win32
		{D129B29E-A1E2-4B28-B2AD-A2164197DEE3}.Release|x64.ActiveCfg = Release|x64
		{D129B29E-A1E2-4B28-B2AD-A2164197DEE3}.Release|x64.Build.0 = Release|x64
		{D129B29E-A1E2-4B28-B2AD-A2164197DEE3}.Release|x86.ActiveCfg = Release|Win32
		{D129B29E-A1E2-4B28-B2AD-A2164197DEE3}.Release|x86.Build.0 = Release|Win32
		{93793499-32D4-4D6E-9137-DFDB894F335B}.Debug|x64.ActiveCfg = Debug|x64
		{93793499-32D4-4D6E-9137-DFDB894F335B}.Debug|x64.Build.0 = Debug|x64
		{93793499-32D4-4D6E-9137-DFDB894F335B}.Debug|x86.ActiveCfg = Debug|Win32
		{93793499-32D4-4D6E-9137-DFDB894F335B}.Debug|x86.Build.0 = Debug|Win32
		{93793499-32D4-4D6E-9137-DFDB894F335B}.Release|x64.ActiveCfg = Release|x64
		{93793499-32D4-4D6E-9137-DFDB894F335B}.Release|x64.Build.0 = Release|x64
		{93793499-32D4-4D6E-9137-DFDB894F335B}.Release|x86.ActiveCfg = Release|Win32
		{93793499-32D4-4D6E-9137-DFDB894F335B}.Release|x86.Build.0 = Release|Win32
		{B0F5C846-EDA3-4A79-B858-CCD71D2D0E71}.Debug|x64.ActiveCfg = Debug|x64
		{B0F5C846-EDA3-4A79-B858-CCD71D2D0E71}.Debug|x64.Build.0 = Debug|x64
		{B0F5C846-EDA3-4A79-B858-CCD71D2D0E71}.Debug|x86.ActiveCfg = Debug|Win32
		{B0F5C846-EDA3-4A79-B858-CCD71D2D0E71}.Debug|x86.Build.0 = Debug|Win32
		{B0F5C846-EDA3-4A79-B858-CCD71D2D0E71}.Release|x64.ActiveCfg = Release|x64
		{B0F5C846-EDA3-4A79-B858-CCD71D2D0E71}.Release|x64.Build.0 = Release|x64
		{B0F5C846-EDA3-4A79-B858-CCD71D2D0E71}.Release|x86.ActiveCfg = Release|Win32
		{B0F5C846-EDA3-4A79-B858-CCD71D2D0E71}.Release|x86.Build.0 = Release|Win32
		{6FDA97E3-594F-4300-A09E-C9DDAE11DFB4}.Debug|x64.ActiveCfg = Debug|x64
		{6FDA97E3-594F-4300-A09E-C9DDAE11DFB4}.Debug|x64.Build.0 = Debug|x64
		{6FDA97E3-594F-4300-A09E-C9DDAE11DFB4}.Debug|x86.ActiveCfg = Debug|Win32
		{6FDA97E3-594F-4300-A09E-C9DDAE11DFB4}.Debug|x86.Build.0 = Debug|Win32
		{6FDA97E3-594F-4300-A09E-C9DDAE11DFB4}.Release|x64.ActiveCfg = Release|x64
		{6FDA97E3-594F-4300-A09E-C9DDAE11DFB4}.Release|x64.Build.0 = Release|x64
		{6FDA97E3-594F-4300-A09E-C9DDAE11DFB4}.Release|x86.ActiveCfg = Release|Win32
		{6FDA97E3-594F-4300-A09E-C9DDAE11DFB4}.Release|x86.Build.0 = Release|Win32
		{39E812E1-EDDB-4B6B-ABA7-65D841E3822E}.Debug|x64.ActiveCfg = Debug|x64
		{39E812E1-EDDB-4B6B-ABA7-65D841E3822E}.Debug|x64.Build.0 = Debug|x64
		{39E812E1-EDDB-4B6B-ABA7-65D841E3822E}.Debug|x86.ActiveCfg = Debug|Win32
		{39E812E1-EDDB-4B6B-ABA7-65D841E3822E}.Debug|x86.Build.0 = Debug|Win32
		{39E812E1-EDDB-4B6B-ABA7-65D841E3822E}.Release|x64.ActiveCfg = Release|x64
		{39E812E1-EDDB-4B6B-ABA7-65D841E3822E}.Release|x64.Build.0 = Release|x64
		{39E812E1-EDDB-4B6B-ABA7-65D841E3822E}.Release|x86.ActiveCfg = Release|Win32
		{39E812E1-EDDB-4B6B-ABA7-65D841E3822E}.Release|x86.Build.0 = Release|Win32
		{53D8DBB6-FE4B-4954-AFF7-46276596814E}.Debug|x64.ActiveCfg = Debug|x64
		{53D8DBB6-FE4B-4954-AFF7-46276596814E}.Debug|x64.Build.0 = Debug|x64
		{53D8DBB6-FE4B-4954-AFF7-46276596814E}.Debug|x86.ActiveCfg = Debug|Win32
		{53D8DBB6-FE4B-4954-AFF7-46276596814E}.Debug|x86.Build.0 = Debug|Win32
		{53D8DBB6-FE4B-4954-AFF7-46276596814E}.Release|x64.ActiveCfg = Release|x64
		{53D8DBB6-FE4B-4954-AFF7-46276596814E}.Release|x64.Build.0 = Release|x64
		{53D8DBB6-FE4B-4954-AFF7-46276596814E}.Release|x86.ActiveCfg = Release|Win32
		{53D8DBB6-FE4B-4954-AFF7-46276596814E}.Release|x86.Build.0 = Release|Win32
		{349713DA-E41D-4F02-A691-83E89136FC9E}.Debug|x64.ActiveCfg = Debug|x64
		{349713DA-E41D-4F02-A691-83E89136FC9E}.Debug|x64.Build.0 = Debug|x64
		{349713DA-E41D-4F02-A691-83E89136FC9E}.Debug|x86.ActiveCfg = Debug|Win32
		{349713DA-E41D-4F02-A691-83E89136FC9E}.Debug|x86.Build.0 = Debug|Win32
		{349713DA-E41D-4F02-A691-83E89136FC9E}.Release|x64.ActiveCfg = Release|x64
		{349713DA-E41D-4F02-A691-83E89136FC9E}.Release|x64.Build.0 = Release|x64
		{349713DA-E41D-4F02-A691-83E89136FC9E}.Release|x86.ActiveCfg = Release|Win32
		{349713DA-E41D-4F02-A691-83E89136FC9E}.Release|x86.Build.0 = Release|Win32
		{5F5D3B37-F6FB-464C-95BE-C82E1A52A602}.Debug|x64.ActiveCfg = Debug|x64
		{5F5D3B37-F6FB-464C-95BE-C82E1A52A602}.Debug|x64.Build.0 = Debug|x64
		{5F5D3B37-F6FB-464C-95BE-C82E1A52A602}.Debug|x86.ActiveCfg = Debug|Win32
		{5F5D3B37-F6FB-464C-95BE-C82E1A52A602}.Debug|x86.Build.0 = Debug|Win32
		{5F5D3B37-F6FB-464C-95BE-C82E1A52A602}.Release|x64.ActiveCfg = Release|x64
		{5F5D3B37-F6FB-464C-95BE-C82E1A52A602}.Release|x64.Build.0 = Release|x64
		{5F5D3B37-F6FB-464C-95BE-C82E1A52A602}.Release|x86.ActiveCfg = Release|Win32
		{5F5D3B37-F6FB-464C-95BE-C82E1A52A602}.Release|x86.Build.0 = Release|Win32
		{1B423F0D-B13A-49F0-948B-44FA6B2591AD}.Debug|x64.ActiveCfg = Debug|x64
		{1B423F0D-B13A-49F0-948B-44FA6B2591AD}.Debug|x64.Build.0 = Debug|x64
		{1B423F0D-B13A-49F0-948B-44FA6B2591AD}.Debug|x86.ActiveCfg = Debug|Win32
		{1B423F0D-B13A-49F0-948B-44FA6B2591AD}.Debug|x86.Build.0 = Debug|Win32
		{1B423F0D-B13A-49F0-948B-44FA6B2591AD}.Release|x64.ActiveCfg = Release|x64
		{1B423F0D-B13A-49F0-948B-44FA6B2591AD}.Release|x64.Build.0 = Release|x64
		{1B423F0D-B13A-49F0-948B-44FA6B2591AD}.Release|x86.ActiveCfg = Release|Win32
		{1B423F0D-B13A-49F0-948B-44FA6B2591AD}.Release|x86.Build.0 = Release|Win32
		{98AD2620-8820-42CA-B2EC-03C046D7E404}.Debug|x64.ActiveCfg = Debug|x64
		{98AD2620-8820-42CA-B2EC-03C046D7E404}.Debug|x64.Build.0 = Debug|x64
		{98AD2620-8820-42CA-B2EC-03C046D7E404}.Debug|x86.ActiveCfg = Debug|Win32
		{98AD2620-8820-42CA-B2EC-03C046D7E404}.Debug|x86.Build.0 = Debug|Win32
		{98AD2620-8820-42CA-B2EC-03C046D7E404}.Release|x64.ActiveCfg = Release|x64
		{98AD2620-8820-42CA-B2EC-03C046D7E404}.Release|x64.Build.0 = Release|x64
		{98AD2620-8820-42CA-B2EC-03C046D7E404}.Release|x86.ActiveCfg = Release|Win32
		{98AD2620-8820-42CA-B2EC-03C046D7E404}.Release|x86.Build.0 = Release|Win32
	EndGlobalSection
	GlobalSection(SolutionProperties) = preSolution
		HideSolutionNode = FALSE
	EndGlobalSection
EndGlobal
